PODS:
  - SwiftyBeaver (1.9.1)
  - xray (0.0.1):
    - xray/Reporter (= 0.0.1)
  - xray/Reporter (0.0.1)

DEPENDENCIES:
  - SwiftyBeaver
  - xray (from `/Users/antonkononenko/Work/x-ray/apple/xray.podspec`)
  - xray/Reporter (from `/Users/antonkononenko/Work/x-ray/apple/xray.podspec`)

SPEC REPOS:
  trunk:
    - SwiftyBeaver

EXTERNAL SOURCES:
  xray:
    :path: "/Users/antonkononenko/Work/x-ray/apple/xray.podspec"

SPEC CHECKSUMS:
  SwiftyBeaver: a1f5691458561414bcfab51874b2b7445451602b
  xray: 090505a721aee22bdc84d0dfd7771161b1ef9784

PODFILE CHECKSUM: 96dd8ac23c4d0d81988175e128859f72726c6bad

COCOAPODS: 1.9.3
