// !$*UTF8*$!
{
	archiveVersion = 1;
	classes = {
	};
	objectVersion = 51;
	objects = {

/* Begin PBXBuildFile section */
		260EFC3A0553B06C3FCDECAA /* Pods_ExampleProject.framework in Frameworks */ = {isa = PBXBuildFile; fileRef = 516CFE077792CBEB0A48C7B2 /* Pods_ExampleProject.framework */; };
		4003EF9E24C62C8C00475DD6 /* LoggerViewController.swift in Sources */ = {isa = PBXBuildFile; fileRef = 4003EF9D24C62C8C00475DD6 /* LoggerViewController.swift */; };
		4003EFA124C62F1100475DD6 /* LoggerCell.swift in Sources */ = {isa = PBXBuildFile; fileRef = 4003EFA024C62F1100475DD6 /* LoggerCell.swift */; };
		4003EFA424C6302E00475DD6 /* LoggerViewController.xib in Resources */ = {isa = PBXBuildFile; fileRef = 4003EFA324C6302E00475DD6 /* LoggerViewController.xib */; };
		4003EFA624C632F400475DD6 /* LoggerCell.xib in Resources */ = {isa = PBXBuildFile; fileRef = 4003EFA524C632F400475DD6 /* LoggerCell.xib */; };
		4003EFAF24C729CD00475DD6 /* clock.png in Resources */ = {isa = PBXBuildFile; fileRef = 4003EFAE24C729CD00475DD6 /* clock.png */; };
		4003EFB324C72AB500475DD6 /* info.png in Resources */ = {isa = PBXBuildFile; fileRef = 4003EFB224C72AB500475DD6 /* info.png */; };
		4003EFB624C73C7200475DD6 /* DetailedLoggerViewController.swift in Sources */ = {isa = PBXBuildFile; fileRef = 4003EFB524C73C7200475DD6 /* DetailedLoggerViewController.swift */; };
		4003EFB824C73D2000475DD6 /* DetailedLoggerViewController.xib in Resources */ = {isa = PBXBuildFile; fileRef = 4003EFB724C73D2000475DD6 /* DetailedLoggerViewController.xib */; };
		4003EFBB24C7422C00475DD6 /* UIView+Extensions.swift in Sources */ = {isa = PBXBuildFile; fileRef = 4003EFBA24C7422B00475DD6 /* UIView+Extensions.swift */; };
		408E9A9924BF7E3B00E4736A /* AppDelegate.swift in Sources */ = {isa = PBXBuildFile; fileRef = 408E9A9824BF7E3B00E4736A /* AppDelegate.swift */; };
		408E9A9D24BF7E3B00E4736A /* ViewController.swift in Sources */ = {isa = PBXBuildFile; fileRef = 408E9A9C24BF7E3B00E4736A /* ViewController.swift */; };
		408E9AA024BF7E3B00E4736A /* Main.storyboard in Resources */ = {isa = PBXBuildFile; fileRef = 408E9A9E24BF7E3B00E4736A /* Main.storyboard */; };
		408E9AA224BF7E3D00E4736A /* Assets.xcassets in Resources */ = {isa = PBXBuildFile; fileRef = 408E9AA124BF7E3D00E4736A /* Assets.xcassets */; };
		408E9AA524BF7E3D00E4736A /* LaunchScreen.storyboard in Resources */ = {isa = PBXBuildFile; fileRef = 408E9AA324BF7E3D00E4736A /* LaunchScreen.storyboard */; };
		40EB13B224C77E7A00930294 /* MailComposerHelper.swift in Sources */ = {isa = PBXBuildFile; fileRef = 40EB13B124C77E7A00930294 /* MailComposerHelper.swift */; };
/* End PBXBuildFile section */

/* Begin PBXFileReference section */
		4003EF9D24C62C8C00475DD6 /* LoggerViewController.swift */ = {isa = PBXFileReference; lastKnownFileType = sourcecode.swift; path = LoggerViewController.swift; sourceTree = "<group>"; };
		4003EFA024C62F1100475DD6 /* LoggerCell.swift */ = {isa = PBXFileReference; lastKnownFileType = sourcecode.swift; path = LoggerCell.swift; sourceTree = "<group>"; };
		4003EFA324C6302E00475DD6 /* LoggerViewController.xib */ = {isa = PBXFileReference; lastKnownFileType = file.xib; path = LoggerViewController.xib; sourceTree = "<group>"; };
		4003EFA524C632F400475DD6 /* LoggerCell.xib */ = {isa = PBXFileReference; lastKnownFileType = file.xib; path = LoggerCell.xib; sourceTree = "<group>"; };
		4003EFAE24C729CD00475DD6 /* clock.png */ = {isa = PBXFileReference; lastKnownFileType = image.png; path = clock.png; sourceTree = "<group>"; };
		4003EFB224C72AB500475DD6 /* info.png */ = {isa = PBXFileReference; lastKnownFileType = image.png; path = info.png; sourceTree = "<group>"; };
		4003EFB524C73C7200475DD6 /* DetailedLoggerViewController.swift */ = {isa = PBXFileReference; lastKnownFileType = sourcecode.swift; path = DetailedLoggerViewController.swift; sourceTree = "<group>"; };
		4003EFB724C73D2000475DD6 /* DetailedLoggerViewController.xib */ = {isa = PBXFileReference; lastKnownFileType = file.xib; path = DetailedLoggerViewController.xib; sourceTree = "<group>"; };
		4003EFBA24C7422B00475DD6 /* UIView+Extensions.swift */ = {isa = PBXFileReference; lastKnownFileType = sourcecode.swift; path = "UIView+Extensions.swift"; sourceTree = "<group>"; };
		408E9A9524BF7E3B00E4736A /* ExampleProject.app */ = {isa = PBXFileReference; explicitFileType = wrapper.application; includeInIndex = 0; path = ExampleProject.app; sourceTree = BUILT_PRODUCTS_DIR; };
		408E9A9824BF7E3B00E4736A /* AppDelegate.swift */ = {isa = PBXFileReference; lastKnownFileType = sourcecode.swift; path = AppDelegate.swift; sourceTree = "<group>"; };
		408E9A9C24BF7E3B00E4736A /* ViewController.swift */ = {isa = PBXFileReference; lastKnownFileType = sourcecode.swift; path = ViewController.swift; sourceTree = "<group>"; };
		408E9A9F24BF7E3B00E4736A /* Base */ = {isa = PBXFileReference; lastKnownFileType = file.storyboard; name = Base; path = Base.lproj/Main.storyboard; sourceTree = "<group>"; };
		408E9AA124BF7E3D00E4736A /* Assets.xcassets */ = {isa = PBXFileReference; lastKnownFileType = folder.assetcatalog; path = Assets.xcassets; sourceTree = "<group>"; };
		408E9AA424BF7E3D00E4736A /* Base */ = {isa = PBXFileReference; lastKnownFileType = file.storyboard; name = Base; path = Base.lproj/LaunchScreen.storyboard; sourceTree = "<group>"; };
		408E9AA624BF7E3D00E4736A /* Info.plist */ = {isa = PBXFileReference; lastKnownFileType = text.plist.xml; path = Info.plist; sourceTree = "<group>"; };
		40EB13B124C77E7A00930294 /* MailComposerHelper.swift */ = {isa = PBXFileReference; lastKnownFileType = sourcecode.swift; path = MailComposerHelper.swift; sourceTree = "<group>"; };
		4279D81F5BDC7BC593A2CFA6 /* Pods-ExampleProject.release.xcconfig */ = {isa = PBXFileReference; includeInIndex = 1; lastKnownFileType = text.xcconfig; name = "Pods-ExampleProject.release.xcconfig"; path = "Target Support Files/Pods-ExampleProject/Pods-ExampleProject.release.xcconfig"; sourceTree = "<group>"; };
		44F14B53AEC7360F55951272 /* Pods-ExampleProject.debug.xcconfig */ = {isa = PBXFileReference; includeInIndex = 1; lastKnownFileType = text.xcconfig; name = "Pods-ExampleProject.debug.xcconfig"; path = "Target Support Files/Pods-ExampleProject/Pods-ExampleProject.debug.xcconfig"; sourceTree = "<group>"; };
		516CFE077792CBEB0A48C7B2 /* Pods_ExampleProject.framework */ = {isa = PBXFileReference; explicitFileType = wrapper.framework; includeInIndex = 0; path = Pods_ExampleProject.framework; sourceTree = BUILT_PRODUCTS_DIR; };
/* End PBXFileReference section */

/* Begin PBXFrameworksBuildPhase section */
		408E9A9224BF7E3B00E4736A /* Frameworks */ = {
			isa = PBXFrameworksBuildPhase;
			buildActionMask = 2147483647;
			files = (
				260EFC3A0553B06C3FCDECAA /* Pods_ExampleProject.framework in Frameworks */,
			);
			runOnlyForDeploymentPostprocessing = 0;
		};
/* End PBXFrameworksBuildPhase section */

/* Begin PBXGroup section */
		3E9D3DD8387A9F9C111FE912 /* Pods */ = {
			isa = PBXGroup;
			children = (
				44F14B53AEC7360F55951272 /* Pods-ExampleProject.debug.xcconfig */,
				4279D81F5BDC7BC593A2CFA6 /* Pods-ExampleProject.release.xcconfig */,
			);
			path = Pods;
			sourceTree = "<group>";
		};
		4003EF9F24C62EFD00475DD6 /* LoggerCell */ = {
			isa = PBXGroup;
			children = (
				4003EFA024C62F1100475DD6 /* LoggerCell.swift */,
				4003EFA524C632F400475DD6 /* LoggerCell.xib */,
			);
			path = LoggerCell;
			sourceTree = "<group>";
		};
		4003EFA224C6300C00475DD6 /* LoggerViewController */ = {
			isa = PBXGroup;
			children = (
				4003EF9D24C62C8C00475DD6 /* LoggerViewController.swift */,
				4003EFA324C6302E00475DD6 /* LoggerViewController.xib */,
			);
			path = LoggerViewController;
			sourceTree = "<group>";
		};
		4003EFAD24C729B900475DD6 /* Assets */ = {
			isa = PBXGroup;
			children = (
				4003EFB224C72AB500475DD6 /* info.png */,
				4003EFAE24C729CD00475DD6 /* clock.png */,
			);
			path = Assets;
			sourceTree = "<group>";
		};
		4003EFB424C73C5300475DD6 /* DetailedLoggerViewController */ = {
			isa = PBXGroup;
			children = (
				4003EFB524C73C7200475DD6 /* DetailedLoggerViewController.swift */,
				4003EFB724C73D2000475DD6 /* DetailedLoggerViewController.xib */,
			);
			path = DetailedLoggerViewController;
			sourceTree = "<group>";
		};
		4003EFB924C7421A00475DD6 /* Extensions */ = {
			isa = PBXGroup;
			children = (
				4003EFBA24C7422B00475DD6 /* UIView+Extensions.swift */,
			);
			path = Extensions;
			sourceTree = "<group>";
		};
		408E9A8C24BF7E3B00E4736A = {
			isa = PBXGroup;
			children = (
				408E9A9724BF7E3B00E4736A /* ExampleProject */,
				408E9A9624BF7E3B00E4736A /* Products */,
				3E9D3DD8387A9F9C111FE912 /* Pods */,
				926867445E602863BA670DBC /* Frameworks */,
			);
			sourceTree = "<group>";
		};
		408E9A9624BF7E3B00E4736A /* Products */ = {
			isa = PBXGroup;
			children = (
				408E9A9524BF7E3B00E4736A /* ExampleProject.app */,
			);
			name = Products;
			sourceTree = "<group>";
		};
		408E9A9724BF7E3B00E4736A /* ExampleProject */ = {
			isa = PBXGroup;
			children = (
				40EB13B024C77E3900930294 /* MailComposer */,
				4003EFB924C7421A00475DD6 /* Extensions */,
				4003EFB424C73C5300475DD6 /* DetailedLoggerViewController */,
				4003EFAD24C729B900475DD6 /* Assets */,
				4003EFA224C6300C00475DD6 /* LoggerViewController */,
				4003EF9F24C62EFD00475DD6 /* LoggerCell */,
				408E9A9824BF7E3B00E4736A /* AppDelegate.swift */,
				408E9A9C24BF7E3B00E4736A /* ViewController.swift */,
				408E9A9E24BF7E3B00E4736A /* Main.storyboard */,
				408E9AA124BF7E3D00E4736A /* Assets.xcassets */,
				408E9AA324BF7E3D00E4736A /* LaunchScreen.storyboard */,
				408E9AA624BF7E3D00E4736A /* Info.plist */,
			);
			path = ExampleProject;
			sourceTree = "<group>";
		};
		40EB13B024C77E3900930294 /* MailComposer */ = {
			isa = PBXGroup;
			children = (
				40EB13B124C77E7A00930294 /* MailComposerHelper.swift */,
			);
			path = MailComposer;
			sourceTree = "<group>";
		};
		926867445E602863BA670DBC /* Frameworks */ = {
			isa = PBXGroup;
			children = (
				516CFE077792CBEB0A48C7B2 /* Pods_ExampleProject.framework */,
			);
			name = Frameworks;
			sourceTree = "<group>";
		};
/* End PBXGroup section */

/* Begin PBXNativeTarget section */
		408E9A9424BF7E3B00E4736A /* ExampleProject */ = {
			isa = PBXNativeTarget;
			buildConfigurationList = 408E9AA924BF7E3D00E4736A /* Build configuration list for PBXNativeTarget "ExampleProject" */;
			buildPhases = (
				031617B9FA1B5CE370A55A9D /* [CP] Check Pods Manifest.lock */,
				408E9A9124BF7E3B00E4736A /* Sources */,
				408E9A9224BF7E3B00E4736A /* Frameworks */,
				408E9A9324BF7E3B00E4736A /* Resources */,
				AF8F13A954FFC1548BAADE99 /* [CP] Embed Pods Frameworks */,
				408E9AAC24BF82E400E4736A /* Xcode Fix */,
			);
			buildRules = (
			);
			dependencies = (
			);
			name = ExampleProject;
			productName = ExampleProject;
			productReference = 408E9A9524BF7E3B00E4736A /* ExampleProject.app */;
			productType = "com.apple.product-type.application";
		};
/* End PBXNativeTarget section */

/* Begin PBXProject section */
		408E9A8D24BF7E3B00E4736A /* Project object */ = {
			isa = PBXProject;
			attributes = {
				LastSwiftUpdateCheck = 1150;
				LastUpgradeCheck = 1150;
				ORGANIZATIONNAME = Applicaster;
				TargetAttributes = {
					408E9A9424BF7E3B00E4736A = {
						CreatedOnToolsVersion = 11.5;
					};
				};
			};
			buildConfigurationList = 408E9A9024BF7E3B00E4736A /* Build configuration list for PBXProject "ExampleProject" */;
			compatibilityVersion = "Xcode 9.3";
			developmentRegion = en;
			hasScannedForEncodings = 0;
			knownRegions = (
				en,
				Base,
			);
			mainGroup = 408E9A8C24BF7E3B00E4736A;
			productRefGroup = 408E9A9624BF7E3B00E4736A /* Products */;
			projectDirPath = "";
			projectRoot = "";
			targets = (
				408E9A9424BF7E3B00E4736A /* ExampleProject */,
			);
		};
/* End PBXProject section */

/* Begin PBXResourcesBuildPhase section */
		408E9A9324BF7E3B00E4736A /* Resources */ = {
			isa = PBXResourcesBuildPhase;
			buildActionMask = 2147483647;
			files = (
				4003EFB824C73D2000475DD6 /* DetailedLoggerViewController.xib in Resources */,
				4003EFAF24C729CD00475DD6 /* clock.png in Resources */,
				4003EFB324C72AB500475DD6 /* info.png in Resources */,
				4003EFA424C6302E00475DD6 /* LoggerViewController.xib in Resources */,
				408E9AA524BF7E3D00E4736A /* LaunchScreen.storyboard in Resources */,
				408E9AA224BF7E3D00E4736A /* Assets.xcassets in Resources */,
				408E9AA024BF7E3B00E4736A /* Main.storyboard in Resources */,
				4003EFA624C632F400475DD6 /* LoggerCell.xib in Resources */,
			);
			runOnlyForDeploymentPostprocessing = 0;
		};
/* End PBXResourcesBuildPhase section */

/* Begin PBXShellScriptBuildPhase section */
		031617B9FA1B5CE370A55A9D /* [CP] Check Pods Manifest.lock */ = {
			isa = PBXShellScriptBuildPhase;
			buildActionMask = 2147483647;
			files = (
			);
			inputFileListPaths = (
			);
			inputPaths = (
				"${PODS_PODFILE_DIR_PATH}/Podfile.lock",
				"${PODS_ROOT}/Manifest.lock",
			);
			name = "[CP] Check Pods Manifest.lock";
			outputFileListPaths = (
			);
			outputPaths = (
				"$(DERIVED_FILE_DIR)/Pods-ExampleProject-checkManifestLockResult.txt",
			);
			runOnlyForDeploymentPostprocessing = 0;
			shellPath = /bin/sh;
			shellScript = "diff \"${PODS_PODFILE_DIR_PATH}/Podfile.lock\" \"${PODS_ROOT}/Manifest.lock\" > /dev/null\nif [ $? != 0 ] ; then\n    # print error to STDERR\n    echo \"error: The sandbox is not in sync with the Podfile.lock. Run 'pod install' or update your CocoaPods installation.\" >&2\n    exit 1\nfi\n# This output is used by Xcode 'outputs' to avoid re-running this script phase.\necho \"SUCCESS\" > \"${SCRIPT_OUTPUT_FILE_0}\"\n";
			showEnvVarsInLog = 0;
		};
		408E9AAC24BF82E400E4736A /* Xcode Fix */ = {
			isa = PBXShellScriptBuildPhase;
			buildActionMask = 2147483647;
			files = (
			);
			inputFileListPaths = (
			);
			inputPaths = (
			);
			name = "Xcode Fix";
			outputFileListPaths = (
			);
			outputPaths = (
			);
			runOnlyForDeploymentPostprocessing = 0;
			shellPath = /bin/sh;
			shellScript = "# This fix must be removed after Xcode 10 fix will be release by apple\n# Prevent clearing project cache after user changes any line of code in dev pods\nfind \"${SRCROOT}/Pods\" -type f -name *frameworks.sh -exec bash -c \"touch \\\"{}\\\"\" \\;\n";
		};
		AF8F13A954FFC1548BAADE99 /* [CP] Embed Pods Frameworks */ = {
			isa = PBXShellScriptBuildPhase;
			buildActionMask = 2147483647;
			files = (
			);
			inputFileListPaths = (
				"${PODS_ROOT}/Target Support Files/Pods-ExampleProject/Pods-ExampleProject-frameworks-${CONFIGURATION}-input-files.xcfilelist",
			);
			name = "[CP] Embed Pods Frameworks";
			outputFileListPaths = (
				"${PODS_ROOT}/Target Support Files/Pods-ExampleProject/Pods-ExampleProject-frameworks-${CONFIGURATION}-output-files.xcfilelist",
			);
			runOnlyForDeploymentPostprocessing = 0;
			shellPath = /bin/sh;
			shellScript = "\"${PODS_ROOT}/Target Support Files/Pods-ExampleProject/Pods-ExampleProject-frameworks.sh\"\n";
			showEnvVarsInLog = 0;
		};
/* End PBXShellScriptBuildPhase section */

/* Begin PBXSourcesBuildPhase section */
		408E9A9124BF7E3B00E4736A /* Sources */ = {
			isa = PBXSourcesBuildPhase;
			buildActionMask = 2147483647;
			files = (
				4003EFBB24C7422C00475DD6 /* UIView+Extensions.swift in Sources */,
				408E9A9D24BF7E3B00E4736A /* ViewController.swift in Sources */,
				40EB13B224C77E7A00930294 /* MailComposerHelper.swift in Sources */,
				4003EF9E24C62C8C00475DD6 /* LoggerViewController.swift in Sources */,
				4003EFB624C73C7200475DD6 /* DetailedLoggerViewController.swift in Sources */,
				408E9A9924BF7E3B00E4736A /* AppDelegate.swift in Sources */,
				4003EFA124C62F1100475DD6 /* LoggerCell.swift in Sources */,
			);
			runOnlyForDeploymentPostprocessing = 0;
		};
/* End PBXSourcesBuildPhase section */

/* Begin PBXVariantGroup section */
		408E9A9E24BF7E3B00E4736A /* Main.storyboard */ = {
			isa = PBXVariantGroup;
			children = (
				408E9A9F24BF7E3B00E4736A /* Base */,
			);
			name = Main.storyboard;
			sourceTree = "<group>";
		};
		408E9AA324BF7E3D00E4736A /* LaunchScreen.storyboard */ = {
			isa = PBXVariantGroup;
			children = (
				408E9AA424BF7E3D00E4736A /* Base */,
			);
			name = LaunchScreen.storyboard;
			sourceTree = "<group>";
		};
/* End PBXVariantGroup section */

/* Begin XCBuildConfiguration section */
		408E9AA724BF7E3D00E4736A /* Debug */ = {
			isa = XCBuildConfiguration;
			buildSettings = {
				ALWAYS_SEARCH_USER_PATHS = NO;
				CLANG_ANALYZER_NONNULL = YES;
				CLANG_ANALYZER_NUMBER_OBJECT_CONVERSION = YES_AGGRESSIVE;
				CLANG_CXX_LANGUAGE_STANDARD = "gnu++14";
				CLANG_CXX_LIBRARY = "libc++";
				CLANG_ENABLE_MODULES = YES;
				CLANG_ENABLE_OBJC_ARC = YES;
				CLANG_ENABLE_OBJC_WEAK = YES;
				CLANG_WARN_BLOCK_CAPTURE_AUTORELEASING = YES;
				CLANG_WARN_BOOL_CONVERSION = YES;
				CLANG_WARN_COMMA = YES;
				CLANG_WARN_CONSTANT_CONVERSION = YES;
				CLANG_WARN_DEPRECATED_OBJC_IMPLEMENTATIONS = YES;
				CLANG_WARN_DIRECT_OBJC_ISA_USAGE = YES_ERROR;
				CLANG_WARN_DOCUMENTATION_COMMENTS = YES;
				CLANG_WARN_EMPTY_BODY = YES;
				CLANG_WARN_ENUM_CONVERSION = YES;
				CLANG_WARN_INFINITE_RECURSION = YES;
				CLANG_WARN_INT_CONVERSION = YES;
				CLANG_WARN_NON_LITERAL_NULL_CONVERSION = YES;
				CLANG_WARN_OBJC_IMPLICIT_RETAIN_SELF = YES;
				CLANG_WARN_OBJC_LITERAL_CONVERSION = YES;
				CLANG_WARN_OBJC_ROOT_CLASS = YES_ERROR;
				CLANG_WARN_RANGE_LOOP_ANALYSIS = YES;
				CLANG_WARN_STRICT_PROTOTYPES = YES;
				CLANG_WARN_SUSPICIOUS_MOVE = YES;
				CLANG_WARN_UNGUARDED_AVAILABILITY = YES_AGGRESSIVE;
				CLANG_WARN_UNREACHABLE_CODE = YES;
				CLANG_WARN__DUPLICATE_METHOD_MATCH = YES;
				COPY_PHASE_STRIP = NO;
				DEBUG_INFORMATION_FORMAT = dwarf;
				ENABLE_STRICT_OBJC_MSGSEND = YES;
				ENABLE_TESTABILITY = YES;
				GCC_C_LANGUAGE_STANDARD = gnu11;
				GCC_DYNAMIC_NO_PIC = NO;
				GCC_NO_COMMON_BLOCKS = YES;
				GCC_OPTIMIZATION_LEVEL = 0;
				GCC_PREPROCESSOR_DEFINITIONS = (
					"DEBUG=1",
					"$(inherited)",
				);
				GCC_WARN_64_TO_32_BIT_CONVERSION = YES;
				GCC_WARN_ABOUT_RETURN_TYPE = YES_ERROR;
				GCC_WARN_UNDECLARED_SELECTOR = YES;
				GCC_WARN_UNINITIALIZED_AUTOS = YES_AGGRESSIVE;
				GCC_WARN_UNUSED_FUNCTION = YES;
				GCC_WARN_UNUSED_VARIABLE = YES;
				IPHONEOS_DEPLOYMENT_TARGET = 13.5;
				MTL_ENABLE_DEBUG_INFO = INCLUDE_SOURCE;
				MTL_FAST_MATH = YES;
				ONLY_ACTIVE_ARCH = YES;
				SDKROOT = iphoneos;
				SWIFT_ACTIVE_COMPILATION_CONDITIONS = DEBUG;
				SWIFT_OPTIMIZATION_LEVEL = "-Onone";
			};
			name = Debug;
		};
		408E9AA824BF7E3D00E4736A /* Release */ = {
			isa = XCBuildConfiguration;
			buildSettings = {
				ALWAYS_SEARCH_USER_PATHS = NO;
				CLANG_ANALYZER_NONNULL = YES;
				CLANG_ANALYZER_NUMBER_OBJECT_CONVERSION = YES_AGGRESSIVE;
				CLANG_CXX_LANGUAGE_STANDARD = "gnu++14";
				CLANG_CXX_LIBRARY = "libc++";
				CLANG_ENABLE_MODULES = YES;
				CLANG_ENABLE_OBJC_ARC = YES;
				CLANG_ENABLE_OBJC_WEAK = YES;
				CLANG_WARN_BLOCK_CAPTURE_AUTORELEASING = YES;
				CLANG_WARN_BOOL_CONVERSION = YES;
				CLANG_WARN_COMMA = YES;
				CLANG_WARN_CONSTANT_CONVERSION = YES;
				CLANG_WARN_DEPRECATED_OBJC_IMPLEMENTATIONS = YES;
				CLANG_WARN_DIRECT_OBJC_ISA_USAGE = YES_ERROR;
				CLANG_WARN_DOCUMENTATION_COMMENTS = YES;
				CLANG_WARN_EMPTY_BODY = YES;
				CLANG_WARN_ENUM_CONVERSION = YES;
				CLANG_WARN_INFINITE_RECURSION = YES;
				CLANG_WARN_INT_CONVERSION = YES;
				CLANG_WARN_NON_LITERAL_NULL_CONVERSION = YES;
				CLANG_WARN_OBJC_IMPLICIT_RETAIN_SELF = YES;
				CLANG_WARN_OBJC_LITERAL_CONVERSION = YES;
				CLANG_WARN_OBJC_ROOT_CLASS = YES_ERROR;
				CLANG_WARN_RANGE_LOOP_ANALYSIS = YES;
				CLANG_WARN_STRICT_PROTOTYPES = YES;
				CLANG_WARN_SUSPICIOUS_MOVE = YES;
				CLANG_WARN_UNGUARDED_AVAILABILITY = YES_AGGRESSIVE;
				CLANG_WARN_UNREACHABLE_CODE = YES;
				CLANG_WARN__DUPLICATE_METHOD_MATCH = YES;
				COPY_PHASE_STRIP = NO;
				DEBUG_INFORMATION_FORMAT = "dwarf-with-dsym";
				ENABLE_NS_ASSERTIONS = NO;
				ENABLE_STRICT_OBJC_MSGSEND = YES;
				GCC_C_LANGUAGE_STANDARD = gnu11;
				GCC_NO_COMMON_BLOCKS = YES;
				GCC_WARN_64_TO_32_BIT_CONVERSION = YES;
				GCC_WARN_ABOUT_RETURN_TYPE = YES_ERROR;
				GCC_WARN_UNDECLARED_SELECTOR = YES;
				GCC_WARN_UNINITIALIZED_AUTOS = YES_AGGRESSIVE;
				GCC_WARN_UNUSED_FUNCTION = YES;
				GCC_WARN_UNUSED_VARIABLE = YES;
				IPHONEOS_DEPLOYMENT_TARGET = 13.5;
				MTL_ENABLE_DEBUG_INFO = NO;
				MTL_FAST_MATH = YES;
				SDKROOT = iphoneos;
				SWIFT_COMPILATION_MODE = wholemodule;
				SWIFT_OPTIMIZATION_LEVEL = "-O";
				VALIDATE_PRODUCT = YES;
			};
			name = Release;
		};
		408E9AAA24BF7E3D00E4736A /* Debug */ = {
			isa = XCBuildConfiguration;
			baseConfigurationReference = 44F14B53AEC7360F55951272 /* Pods-ExampleProject.debug.xcconfig */;
			buildSettings = {
				ASSETCATALOG_COMPILER_APPICON_NAME = AppIcon;
				CLANG_ALLOW_NON_MODULAR_INCLUDES_IN_FRAMEWORK_MODULES = YES;
				CODE_SIGN_IDENTITY = "iPhone Developer";
				CODE_SIGN_STYLE = Manual;
				DEVELOPMENT_TEAM = DAGJNL66V4;
				INFOPLIST_FILE = ExampleProject/Info.plist;
				IPHONEOS_DEPLOYMENT_TARGET = 11.0;
				LD_RUNPATH_SEARCH_PATHS = (
					"$(inherited)",
					"@executable_path/Frameworks",
				);
				PRODUCT_BUNDLE_IDENTIFIER = com.dirtvision.app;
				PRODUCT_NAME = "$(TARGET_NAME)";
				PROVISIONING_PROFILE_SPECIFIER = "DIRTVision Applicaster";
				SWIFT_VERSION = 5.0;
				TARGETED_DEVICE_FAMILY = "1,2";
			};
			name = Debug;
		};
		408E9AAB24BF7E3D00E4736A /* Release */ = {
			isa = XCBuildConfiguration;
			baseConfigurationReference = 4279D81F5BDC7BC593A2CFA6 /* Pods-ExampleProject.release.xcconfig */;
			buildSettings = {
				ASSETCATALOG_COMPILER_APPICON_NAME = AppIcon;
				CLANG_ALLOW_NON_MODULAR_INCLUDES_IN_FRAMEWORK_MODULES = YES;
				CODE_SIGN_IDENTITY = "iPhone Developer";
				CODE_SIGN_STYLE = Manual;
				DEVELOPMENT_TEAM = DAGJNL66V4;
				INFOPLIST_FILE = ExampleProject/Info.plist;
				IPHONEOS_DEPLOYMENT_TARGET = 11.0;
				LD_RUNPATH_SEARCH_PATHS = (
					"$(inherited)",
					"@executable_path/Frameworks",
				);
				PRODUCT_BUNDLE_IDENTIFIER = com.dirtvision.app;
				PRODUCT_NAME = "$(TARGET_NAME)";
				PROVISIONING_PROFILE_SPECIFIER = "DIRTVision Applicaster";
				SWIFT_VERSION = 5.0;
				TARGETED_DEVICE_FAMILY = "1,2";
			};
			name = Release;
		};
/* End XCBuildConfiguration section */

/* Begin XCConfigurationList section */
		408E9A9024BF7E3B00E4736A /* Build configuration list for PBXProject "ExampleProject" */ = {
			isa = XCConfigurationList;
			buildConfigurations = (
				408E9AA724BF7E3D00E4736A /* Debug */,
				408E9AA824BF7E3D00E4736A /* Release */,
			);
			defaultConfigurationIsVisible = 0;
			defaultConfigurationName = Release;
		};
		408E9AA924BF7E3D00E4736A /* Build configuration list for PBXNativeTarget "ExampleProject" */ = {
			isa = XCConfigurationList;
			buildConfigurations = (
				408E9AAA24BF7E3D00E4736A /* Debug */,
				408E9AAB24BF7E3D00E4736A /* Release */,
			);
			defaultConfigurationIsVisible = 0;
			defaultConfigurationName = Release;
		};
/* End XCConfigurationList section */
	};
	rootObject = 408E9A8D24BF7E3B00E4736A /* Project object */;
}
